
Microsoft Visual Studio Solution File, Format Version 12.00
# Visual Studio 15
VisualStudioVersion = 15.0.28010.2003
MinimumVisualStudioVersion = 10.0.40219.1
Project("{FAE04EC0-301F-11D3-BF4B-00C04F79EFBC}") = "PingYourPackage.Domain", "PingYourPackage.Domain\PingYourPackage.Domain.csproj", "{5AE92154-625A-457B-B016-6FABAAB2B649}"
EndProject
Global
	GlobalSection(SolutionConfigurationPlatforms) = preSolution
		Debug|Any CPU = Debug|Any CPU
		Release|Any CPU = Release|Any CPU
	EndGlobalSection
	GlobalSection(ProjectConfigurationPlatforms) = postSolution
		{5AE92154-625A-457B-B016-6FABAAB2B649}.Debug|Any CPU.ActiveCfg = Debug|Any CPU
		{5AE92154-625A-457B-B016-6FABAAB2B649}.Debug|Any CPU.Build.0 = Debug|Any CPU
		{5AE92154-625A-457B-B016-6FABAAB2B649}.Release|Any CPU.ActiveCfg = Release|Any CPU
		{5AE92154-625A-457B-B016-6FABAAB2B649}.Release|Any CPU.Build.0 = Release|Any CPU
	EndGlobalSection
	GlobalSection(SolutionProperties) = preSolution
		HideSolutionNode = FALSE
	EndGlobalSection
	GlobalSection(ExtensibilityGlobals) = postSolution
		SolutionGuid = {90485B7D-9F0C-40CD-9C0E-7A9834E87DAF}
	EndGlobalSection
EndGlobal
